// !$*UTF8*$!
{
	archiveVersion = 1;
	classes = {
	};
	objectVersion = 46;
	objects = {

/* Begin PBXBuildFile section */
		7E97D09C1D3604C10025DACA /* main.m in Sources */ = {isa = PBXBuildFile; fileRef = 7E97D09B1D3604C10025DACA /* main.m */; };
		7E97D09F1D3604C10025DACA /* AppDelegate.m in Sources */ = {isa = PBXBuildFile; fileRef = 7E97D09E1D3604C10025DACA /* AppDelegate.m */; };
		7E97D0A21D3604C10025DACA /* ViewController.m in Sources */ = {isa = PBXBuildFile; fileRef = 7E97D0A11D3604C10025DACA /* ViewController.m */; };
		7E97D0A51D3604C10025DACA /* Main.storyboard in Resources */ = {isa = PBXBuildFile; fileRef = 7E97D0A31D3604C10025DACA /* Main.storyboard */; };
		7E97D0A71D3604C10025DACA /* Assets.xcassets in Resources */ = {isa = PBXBuildFile; fileRef = 7E97D0A61D3604C10025DACA /* Assets.xcassets */; };
		7E97D0AA1D3604C10025DACA /* LaunchScreen.storyboard in Resources */ = {isa = PBXBuildFile; fileRef = 7E97D0A81D3604C10025DACA /* LaunchScreen.storyboard */; };
		7E97D0B51D3604C10025DACA /* VariablesAndPropertiesTests.m in Sources */ = {isa = PBXBuildFile; fileRef = 7E97D0B41D3604C10025DACA /* VariablesAndPropertiesTests.m */; };
		7E97D0C01D3604C10025DACA /* VariablesAndPropertiesUITests.m in Sources */ = {isa = PBXBuildFile; fileRef = 7E97D0BF1D3604C10025DACA /* VariablesAndPropertiesUITests.m */; };
		7E97D0CF1D36061F0025DACA /* Car.m in Sources */ = {isa = PBXBuildFile; fileRef = 7E97D0CE1D36061F0025DACA /* Car.m */; };
/* End PBXBuildFile section */

/* Begin PBXContainerItemProxy section */
		7E97D0B11D3604C10025DACA /* PBXContainerItemProxy */ = {
			isa = PBXContainerItemProxy;
			containerPortal = 7E97D08F1D3604C10025DACA /* Project object */;
			proxyType = 1;
			remoteGlobalIDString = 7E97D0961D3604C10025DACA;
			remoteInfo = VariablesAndProperties;
		};
		7E97D0BC1D3604C10025DACA /* PBXContainerItemProxy */ = {
			isa = PBXContainerItemProxy;
			containerPortal = 7E97D08F1D3604C10025DACA /* Project object */;
			proxyType = 1;
			remoteGlobalIDString = 7E97D0961D3604C10025DACA;
			remoteInfo = VariablesAndProperties;
		};
/* End PBXContainerItemProxy section */

/* Begin PBXFileReference section */
		7E97D0971D3604C10025DACA /* VariablesAndProperties.app */ = {isa = PBXFileReference; explicitFileType = wrapper.application; includeInIndex = 0; path = VariablesAndProperties.app; sourceTree = BUILT_PRODUCTS_DIR; };
		7E97D09B1D3604C10025DACA /* main.m */ = {isa = PBXFileReference; lastKnownFileType = sourcecode.c.objc; path = main.m; sourceTree = "<group>"; };
		7E97D09D1D3604C10025DACA /* AppDelegate.h */ = {isa = PBXFileReference; lastKnownFileType = sourcecode.c.h; path = AppDelegate.h; sourceTree = "<group>"; };
		7E97D09E1D3604C10025DACA /* AppDelegate.m */ = {isa = PBXFileReference; lastKnownFileType = sourcecode.c.objc; path = AppDelegate.m; sourceTree = "<group>"; };
		7E97D0A01D3604C10025DACA /* ViewController.h */ = {isa = PBXFileReference; lastKnownFileType = sourcecode.c.h; path = ViewController.h; sourceTree = "<group>"; };
		7E97D0A11D3604C10025DACA /* ViewController.m */ = {isa = PBXFileReference; lastKnownFileType = sourcecode.c.objc; path = ViewController.m; sourceTree = "<group>"; };
		7E97D0A41D3604C10025DACA /* Base */ = {isa = PBXFileReference; lastKnownFileType = file.storyboard; name = Base; path = Base.lproj/Main.storyboard; sourceTree = "<group>"; };
		7E97D0A61D3604C10025DACA /* Assets.xcassets */ = {isa = PBXFileReference; lastKnownFileType = folder.assetcatalog; path = Assets.xcassets; sourceTree = "<group>"; };
		7E97D0A91D3604C10025DACA /* Base */ = {isa = PBXFileReference; lastKnownFileType = file.storyboard; name = Base; path = Base.lproj/LaunchScreen.storyboard; sourceTree = "<group>"; };
		7E97D0AB1D3604C10025DACA /* Info.plist */ = {isa = PBXFileReference; lastKnownFileType = text.plist.xml; path = Info.plist; sourceTree = "<group>"; };
		7E97D0B01D3604C10025DACA /* VariablesAndPropertiesTests.xctest */ = {isa = PBXFileReference; explicitFileType = wrapper.cfbundle; includeInIndex = 0; path = VariablesAndPropertiesTests.xctest; sourceTree = BUILT_PRODUCTS_DIR; };
		7E97D0B41D3604C10025DACA /* VariablesAndPropertiesTests.m */ = {isa = PBXFileReference; lastKnownFileType = sourcecode.c.objc; path = VariablesAndPropertiesTests.m; sourceTree = "<group>"; };
		7E97D0B61D3604C10025DACA /* Info.plist */ = {isa = PBXFileReference; lastKnownFileType = text.plist.xml; path = Info.plist; sourceTree = "<group>"; };
		7E97D0BB1D3604C10025DACA /* VariablesAndPropertiesUITests.xctest */ = {isa = PBXFileReference; explicitFileType = wrapper.cfbundle; includeInIndex = 0; path = VariablesAndPropertiesUITests.xctest; sourceTree = BUILT_PRODUCTS_DIR; };
		7E97D0BF1D3604C10025DACA /* VariablesAndPropertiesUITests.m */ = {isa = PBXFileReference; lastKnownFileType = sourcecode.c.objc; path = VariablesAndPropertiesUITests.m; sourceTree = "<group>"; };
		7E97D0C11D3604C10025DACA /* Info.plist */ = {isa = PBXFileReference; lastKnownFileType = text.plist.xml; path = Info.plist; sourceTree = "<group>"; };
		7E97D0CD1D36061F0025DACA /* Car.h */ = {isa = PBXFileReference; fileEncoding = 4; lastKnownFileType = sourcecode.c.h; path = Car.h; sourceTree = "<group>"; };
		7E97D0CE1D36061F0025DACA /* Car.m */ = {isa = PBXFileReference; fileEncoding = 4; lastKnownFileType = sourcecode.c.objc; path = Car.m; sourceTree = "<group>"; };
/* End PBXFileReference section */

/* Begin PBXFrameworksBuildPhase section */
		7E97D0941D3604C10025DACA /* Frameworks */ = {
			isa = PBXFrameworksBuildPhase;
			buildActionMask = 2147483647;
			files = (
			);
			runOnlyForDeploymentPostprocessing = 0;
		};
		7E97D0AD1D3604C10025DACA /* Frameworks */ = {
			isa = PBXFrameworksBuildPhase;
			buildActionMask = 2147483647;
			files = (
			);
			runOnlyForDeploymentPostprocessing = 0;
		};
		7E97D0B81D3604C10025DACA /* Frameworks */ = {
			isa = PBXFrameworksBuildPhase;
			buildActionMask = 2147483647;
			files = (
			);
			runOnlyForDeploymentPostprocessing = 0;
		};
/* End PBXFrameworksBuildPhase section */

/* Begin PBXGroup section */
		7E97D08E1D3604C10025DACA = {
			isa = PBXGroup;
			children = (
				7E97D0991D3604C10025DACA /* VariablesAndProperties */,
				7E97D0B31D3604C10025DACA /* VariablesAndPropertiesTests */,
				7E97D0BE1D3604C10025DACA /* VariablesAndPropertiesUITests */,
				7E97D0981D3604C10025DACA /* Products */,
			);
			sourceTree = "<group>";
		};
		7E97D0981D3604C10025DACA /* Products */ = {
			isa = PBXGroup;
			children = (
				7E97D0971D3604C10025DACA /* VariablesAndProperties.app */,
				7E97D0B01D3604C10025DACA /* VariablesAndPropertiesTests.xctest */,
				7E97D0BB1D3604C10025DACA /* VariablesAndPropertiesUITests.xctest */,
			);
			name = Products;
			sourceTree = "<group>";
		};
		7E97D0991D3604C10025DACA /* VariablesAndProperties */ = {
			isa = PBXGroup;
			children = (
				7E97D09D1D3604C10025DACA /* AppDelegate.h */,
				7E97D09E1D3604C10025DACA /* AppDelegate.m */,
				7E97D0A01D3604C10025DACA /* ViewController.h */,
				7E97D0A11D3604C10025DACA /* ViewController.m */,
				7E97D0CD1D36061F0025DACA /* Car.h */,
				7E97D0CE1D36061F0025DACA /* Car.m */,
				7E97D0A31D3604C10025DACA /* Main.storyboard */,
				7E97D0A61D3604C10025DACA /* Assets.xcassets */,
				7E97D0A81D3604C10025DACA /* LaunchScreen.storyboard */,
				7E97D0AB1D3604C10025DACA /* Info.plist */,
				7E97D09A1D3604C10025DACA /* Supporting Files */,
			);
			path = VariablesAndProperties;
			sourceTree = "<group>";
		};
		7E97D09A1D3604C10025DACA /* Supporting Files */ = {
			isa = PBXGroup;
			children = (
				7E97D09B1D3604C10025DACA /* main.m */,
			);
			name = "Supporting Files";
			sourceTree = "<group>";
		};
		7E97D0B31D3604C10025DACA /* VariablesAndPropertiesTests */ = {
			isa = PBXGroup;
			children = (
				7E97D0B41D3604C10025DACA /* VariablesAndPropertiesTests.m */,
				7E97D0B61D3604C10025DACA /* Info.plist */,
			);
			path = VariablesAndPropertiesTests;
			sourceTree = "<group>";
		};
		7E97D0BE1D3604C10025DACA /* VariablesAndPropertiesUITests */ = {
			isa = PBXGroup;
			children = (
				7E97D0BF1D3604C10025DACA /* VariablesAndPropertiesUITests.m */,
				7E97D0C11D3604C10025DACA /* Info.plist */,
			);
			path = VariablesAndPropertiesUITests;
			sourceTree = "<group>";
		};
/* End PBXGroup section */

/* Begin PBXNativeTarget section */
		7E97D0961D3604C10025DACA /* VariablesAndProperties */ = {
			isa = PBXNativeTarget;
			buildConfigurationList = 7E97D0C41D3604C10025DACA /* Build configuration list for PBXNativeTarget "VariablesAndProperties" */;
			buildPhases = (
				7E97D0931D3604C10025DACA /* Sources */,
				7E97D0941D3604C10025DACA /* Frameworks */,
				7E97D0951D3604C10025DACA /* Resources */,
			);
			buildRules = (
			);
			dependencies = (
			);
			name = VariablesAndProperties;
			productName = VariablesAndProperties;
			productReference = 7E97D0971D3604C10025DACA /* VariablesAndProperties.app */;
			productType = "com.apple.product-type.application";
		};
		7E97D0AF1D3604C10025DACA /* VariablesAndPropertiesTests */ = {
			isa = PBXNativeTarget;
			buildConfigurationList = 7E97D0C71D3604C10025DACA /* Build configuration list for PBXNativeTarget "VariablesAndPropertiesTests" */;
			buildPhases = (
				7E97D0AC1D3604C10025DACA /* Sources */,
				7E97D0AD1D3604C10025DACA /* Frameworks */,
				7E97D0AE1D3604C10025DACA /* Resources */,
			);
			buildRules = (
			);
			dependencies = (
				7E97D0B21D3604C10025DACA /* PBXTargetDependency */,
			);
			name = VariablesAndPropertiesTests;
			productName = VariablesAndPropertiesTests;
			productReference = 7E97D0B01D3604C10025DACA /* VariablesAndPropertiesTests.xctest */;
			productType = "com.apple.product-type.bundle.unit-test";
		};
		7E97D0BA1D3604C10025DACA /* VariablesAndPropertiesUITests */ = {
			isa = PBXNativeTarget;
			buildConfigurationList = 7E97D0CA1D3604C10025DACA /* Build configuration list for PBXNativeTarget "VariablesAndPropertiesUITests" */;
			buildPhases = (
				7E97D0B71D3604C10025DACA /* Sources */,
				7E97D0B81D3604C10025DACA /* Frameworks */,
				7E97D0B91D3604C10025DACA /* Resources */,
			);
			buildRules = (
			);
			dependencies = (
				7E97D0BD1D3604C10025DACA /* PBXTargetDependency */,
			);
			name = VariablesAndPropertiesUITests;
			productName = VariablesAndPropertiesUITests;
			productReference = 7E97D0BB1D3604C10025DACA /* VariablesAndPropertiesUITests.xctest */;
			productType = "com.apple.product-type.bundle.ui-testing";
		};
/* End PBXNativeTarget section */

/* Begin PBXProject section */
		7E97D08F1D3604C10025DACA /* Project object */ = {
			isa = PBXProject;
			attributes = {
				LastUpgradeCheck = 0730;
				ORGANIZATIONNAME = JAYANTH;
				TargetAttributes = {
					7E97D0961D3604C10025DACA = {
						CreatedOnToolsVersion = 7.3.1;
					};
					7E97D0AF1D3604C10025DACA = {
						CreatedOnToolsVersion = 7.3.1;
						TestTargetID = 7E97D0961D3604C10025DACA;
					};
					7E97D0BA1D3604C10025DACA = {
						CreatedOnToolsVersion = 7.3.1;
						TestTargetID = 7E97D0961D3604C10025DACA;
					};
				};
			};
			buildConfigurationList = 7E97D0921D3604C10025DACA /* Build configuration list for PBXProject "VariablesAndProperties" */;
			compatibilityVersion = "Xcode 3.2";
			developmentRegion = English;
			hasScannedForEncodings = 0;
			knownRegions = (
				en,
				Base,
			);
			mainGroup = 7E97D08E1D3604C10025DACA;
			productRefGroup = 7E97D0981D3604C10025DACA /* Products */;
			projectDirPath = "";
			projectRoot = "";
			targets = (
				7E97D0961D3604C10025DACA /* VariablesAndProperties */,
				7E97D0AF1D3604C10025DACA /* VariablesAndPropertiesTests */,
				7E97D0BA1D3604C10025DACA /* VariablesAndPropertiesUITests */,
			);
		};
/* End PBXProject section */

/* Begin PBXResourcesBuildPhase section */
		7E97D0951D3604C10025DACA /* Resources */ = {
			isa = PBXResourcesBuildPhase;
			buildActionMask = 2147483647;
			files = (
				7E97D0AA1D3604C10025DACA /* LaunchScreen.storyboard in Resources */,
				7E97D0A71D3604C10025DACA /* Assets.xcassets in Resources */,
				7E97D0A51D3604C10025DACA /* Main.storyboard in Resources */,
			);
			runOnlyForDeploymentPostprocessing = 0;
		};
		7E97D0AE1D3604C10025DACA /* Resources */ = {
			isa = PBXResourcesBuildPhase;
			buildActionMask = 2147483647;
			files = (
			);
			runOnlyForDeploymentPostprocessing = 0;
		};
		7E97D0B91D3604C10025DACA /* Resources */ = {
			isa = PBXResourcesBuildPhase;
			buildActionMask = 2147483647;
			files = (
			);
			runOnlyForDeploymentPostprocessing = 0;
		};
/* End PBXResourcesBuildPhase section */

/* Begin PBXSourcesBuildPhase section */
		7E97D0931D3604C10025DACA /* Sources */ = {
			isa = PBXSourcesBuildPhase;
			buildActionMask = 2147483647;
			files = (
				7E97D0A21D3604C10025DACA /* ViewController.m in Sources */,
				7E97D09F1D3604C10025DACA /* AppDelegate.m in Sources */,
				7E97D0CF1D36061F0025DACA /* Car.m in Sources */,
				7E97D09C1D3604C10025DACA /* main.m in Sources */,
			);
			runOnlyForDeploymentPostprocessing = 0;
		};
		7E97D0AC1D3604C10025DACA /* Sources */ = {
			isa = PBXSourcesBuildPhase;
			buildActionMask = 2147483647;
			files = (
				7E97D0B51D3604C10025DACA /* VariablesAndPropertiesTests.m in Sources */,
			);
			runOnlyForDeploymentPostprocessing = 0;
		};
		7E97D0B71D3604C10025DACA /* Sources */ = {
			isa = PBXSourcesBuildPhase;
			buildActionMask = 2147483647;
			files = (
				7E97D0C01D3604C10025DACA /* VariablesAndPropertiesUITests.m in Sources */,
			);
			runOnlyForDeploymentPostprocessing = 0;
		};
/* End PBXSourcesBuildPhase section */

/* Begin PBXTargetDependency section */
		7E97D0B21D3604C10025DACA /* PBXTargetDependency */ = {
			isa = PBXTargetDependency;
			target = 7E97D0961D3604C10025DACA /* VariablesAndProperties */;
			targetProxy = 7E97D0B11D3604C10025DACA /* PBXContainerItemProxy */;
		};
		7E97D0BD1D3604C10025DACA /* PBXTargetDependency */ = {
			isa = PBXTargetDependency;
			target = 7E97D0961D3604C10025DACA /* VariablesAndProperties */;
			targetProxy = 7E97D0BC1D3604C10025DACA /* PBXContainerItemProxy */;
		};
/* End PBXTargetDependency section */

/* Begin PBXVariantGroup section */
		7E97D0A31D3604C10025DACA /* Main.storyboard */ = {
			isa = PBXVariantGroup;
			children = (
				7E97D0A41D3604C10025DACA /* Base */,
			);
			name = Main.storyboard;
			sourceTree = "<group>";
		};
		7E97D0A81D3604C10025DACA /* LaunchScreen.storyboard */ = {
			isa = PBXVariantGroup;
			children = (
				7E97D0A91D3604C10025DACA /* Base */,
			);
			name = LaunchScreen.storyboard;
			sourceTree = "<group>";
		};
/* End PBXVariantGroup section */

/* Begin XCBuildConfiguration section */
		7E97D0C21D3604C10025DACA /* Debug */ = {
			isa = XCBuildConfiguration;
			buildSettings = {
				ALWAYS_SEARCH_USER_PATHS = NO;
				CLANG_ANALYZER_NONNULL = YES;
				CLANG_CXX_LANGUAGE_STANDARD = "gnu++0x";
				CLANG_CXX_LIBRARY = "libc++";
				CLANG_ENABLE_MODULES = YES;
				CLANG_ENABLE_OBJC_ARC = YES;
				CLANG_WARN_BOOL_CONVERSION = YES;
				CLANG_WARN_CONSTANT_CONVERSION = YES;
				CLANG_WARN_DIRECT_OBJC_ISA_USAGE = YES_ERROR;
				CLANG_WARN_EMPTY_BODY = YES;
				CLANG_WARN_ENUM_CONVERSION = YES;
				CLANG_WARN_INT_CONVERSION = YES;
				CLANG_WARN_OBJC_ROOT_CLASS = YES_ERROR;
				CLANG_WARN_UNREACHABLE_CODE = YES;
				CLANG_WARN__DUPLICATE_METHOD_MATCH = YES;
				"CODE_SIGN_IDENTITY[sdk=iphoneos*]" = "iPhone Developer";
				COPY_PHASE_STRIP = NO;
				DEBUG_INFORMATION_FORMAT = dwarf;
				ENABLE_STRICT_OBJC_MSGSEND = YES;
				ENABLE_TESTABILITY = YES;
				GCC_C_LANGUAGE_STANDARD = gnu99;
				GCC_DYNAMIC_NO_PIC = NO;
				GCC_NO_COMMON_BLOCKS = YES;
				GCC_OPTIMIZATION_LEVEL = 0;
				GCC_PREPROCESSOR_DEFINITIONS = (
					"DEBUG=1",
					"$(inherited)",
				);
				GCC_WARN_64_TO_32_BIT_CONVERSION = YES;
				GCC_WARN_ABOUT_RETURN_TYPE = YES_ERROR;
				GCC_WARN_UNDECLARED_SELECTOR = YES;
				GCC_WARN_UNINITIALIZED_AUTOS = YES_AGGRESSIVE;
				GCC_WARN_UNUSED_FUNCTION = YES;
				GCC_WARN_UNUSED_VARIABLE = YES;
				IPHONEOS_DEPLOYMENT_TARGET = 9.3;
				MTL_ENABLE_DEBUG_INFO = YES;
				ONLY_ACTIVE_ARCH = YES;
				SDKROOT = iphoneos;
			};
			name = Debug;
		};
		7E97D0C31D3604C10025DACA /* Release */ = {
			isa = XCBuildConfiguration;
			buildSettings = {
				ALWAYS_SEARCH_USER_PATHS = NO;
				CLANG_ANALYZER_NONNULL = YES;
				CLANG_CXX_LANGUAGE_STANDARD = "gnu++0x";
				CLANG_CXX_LIBRARY = "libc++";
				CLANG_ENABLE_MODULES = YES;
				CLANG_ENABLE_OBJC_ARC = YES;
				CLANG_WARN_BOOL_CONVERSION = YES;
				CLANG_WARN_CONSTANT_CONVERSION = YES;
				CLANG_WARN_DIRECT_OBJC_ISA_USAGE = YES_ERROR;
				CLANG_WARN_EMPTY_BODY = YES;
				CLANG_WARN_ENUM_CONVERSION = YES;
				CLANG_WARN_INT_CONVERSION = YES;
				CLANG_WARN_OBJC_ROOT_CLASS = YES_ERROR;
				CLANG_WARN_UNREACHABLE_CODE = YES;
				CLANG_WARN__DUPLICATE_METHOD_MATCH = YES;
				"CODE_SIGN_IDENTITY[sdk=iphoneos*]" = "iPhone Developer";
				COPY_PHASE_STRIP = NO;
				DEBUG_INFORMATION_FORMAT = "dwarf-with-dsym";
				ENABLE_NS_ASSERTIONS = NO;
				ENABLE_STRICT_OBJC_MSGSEND = YES;
				GCC_C_LANGUAGE_STANDARD = gnu99;
				GCC_NO_COMMON_BLOCKS = YES;
				GCC_WARN_64_TO_32_BIT_CONVERSION = YES;
				GCC_WARN_ABOUT_RETURN_TYPE = YES_ERROR;
				GCC_WARN_UNDECLARED_SELECTOR = YES;
				GCC_WARN_UNINITIALIZED_AUTOS = YES_AGGRESSIVE;
				GCC_WARN_UNUSED_FUNCTION = YES;
				GCC_WARN_UNUSED_VARIABLE = YES;
				IPHONEOS_DEPLOYMENT_TARGET = 9.3;
				MTL_ENABLE_DEBUG_INFO = NO;
				SDKROOT = iphoneos;
				VALIDATE_PRODUCT = YES;
			};
			name = Release;
		};
		7E97D0C51D3604C10025DACA /* Debug */ = {
			isa = XCBuildConfiguration;
			buildSettings = {
				ASSETCATALOG_COMPILER_APPICON_NAME = AppIcon;
				INFOPLIST_FILE = VariablesAndProperties/Info.plist;
				LD_RUNPATH_SEARCH_PATHS = "$(inherited) @executable_path/Frameworks";
				PRODUCT_BUNDLE_IDENTIFIER = com.jayanth.interview.VariablesAndProperties;
				PRODUCT_NAME = "$(TARGET_NAME)";
			};
			name = Debug;
		};
		7E97D0C61D3604C10025DACA /* Release */ = {
			isa = XCBuildConfiguration;
			buildSettings = {
				ASSETCATALOG_COMPILER_APPICON_NAME = AppIcon;
				INFOPLIST_FILE = VariablesAndProperties/Info.plist;
				LD_RUNPATH_SEARCH_PATHS = "$(inherited) @executable_path/Frameworks";
				PRODUCT_BUNDLE_IDENTIFIER = com.jayanth.interview.VariablesAndProperties;
				PRODUCT_NAME = "$(TARGET_NAME)";
			};
			name = Release;
		};
		7E97D0C81D3604C10025DACA /* Debug */ = {
			isa = XCBuildConfiguration;
			buildSettings = {
				BUNDLE_LOADER = "$(TEST_HOST)";
				INFOPLIST_FILE = VariablesAndPropertiesTests/Info.plist;
				LD_RUNPATH_SEARCH_PATHS = "$(inherited) @executable_path/Frameworks @loader_path/Frameworks";
				PRODUCT_BUNDLE_IDENTIFIER = com.jayanth.interview.VariablesAndPropertiesTests;
				PRODUCT_NAME = "$(TARGET_NAME)";
				TEST_HOST = "$(BUILT_PRODUCTS_DIR)/VariablesAndProperties.app/VariablesAndProperties";
			};
			name = Debug;
		};
		7E97D0C91D3604C10025DACA /* Release */ = {
			isa = XCBuildConfiguration;
			buildSettings = {
				BUNDLE_LOADER = "$(TEST_HOST)";
				INFOPLIST_FILE = VariablesAndPropertiesTests/Info.plist;
				LD_RUNPATH_SEARCH_PATHS = "$(inherited) @executable_path/Frameworks @loader_path/Frameworks";
				PRODUCT_BUNDLE_IDENTIFIER = com.jayanth.interview.VariablesAndPropertiesTests;
				PRODUCT_NAME = "$(TARGET_NAME)";
				TEST_HOST = "$(BUILT_PRODUCTS_DIR)/VariablesAndProperties.app/VariablesAndProperties";
			};
			name = Release;
		};
		7E97D0CB1D3604C10025DACA /* Debug */ = {
			isa = XCBuildConfiguration;
			buildSettings = {
				INFOPLIST_FILE = VariablesAndPropertiesUITests/Info.plist;
				LD_RUNPATH_SEARCH_PATHS = "$(inherited) @executable_path/Frameworks @loader_path/Frameworks";
				PRODUCT_BUNDLE_IDENTIFIER = com.jayanth.interview.VariablesAndPropertiesUITests;
				PRODUCT_NAME = "$(TARGET_NAME)";
				TEST_TARGET_NAME = VariablesAndProperties;
			};
			name = Debug;
		};
		7E97D0CC1D3604C10025DACA /* Release */ = {
			isa = XCBuildConfiguration;
			buildSettings = {
				INFOPLIST_FILE = VariablesAndPropertiesUITests/Info.plist;
				LD_RUNPATH_SEARCH_PATHS = "$(inherited) @executable_path/Frameworks @loader_path/Frameworks";
				PRODUCT_BUNDLE_IDENTIFIER = com.jayanth.interview.VariablesAndPropertiesUITests;
				PRODUCT_NAME = "$(TARGET_NAME)";
				TEST_TARGET_NAME = VariablesAndProperties;
			};
			name = Release;
		};
/* End XCBuildConfiguration section */

/* Begin XCConfigurationList section */
		7E97D0921D3604C10025DACA /* Build configuration list for PBXProject "VariablesAndProperties" */ = {
			isa = XCConfigurationList;
			buildConfigurations = (
				7E97D0C21D3604C10025DACA /* Debug */,
				7E97D0C31D3604C10025DACA /* Release */,
			);
			defaultConfigurationIsVisible = 0;
			defaultConfigurationName = Release;
		};
		7E97D0C41D3604C10025DACA /* Build configuration list for PBXNativeTarget "VariablesAndProperties" */ = {
			isa = XCConfigurationList;
			buildConfigurations = (
				7E97D0C51D3604C10025DACA /* Debug */,
				7E97D0C61D3604C10025DACA /* Release */,
			);
			defaultConfigurationIsVisible = 0;
		};
		7E97D0C71D3604C10025DACA /* Build configuration list for PBXNativeTarget "VariablesAndPropertiesTests" */ = {
			isa = XCConfigurationList;
			buildConfigurations = (
				7E97D0C81D3604C10025DACA /* Debug */,
				7E97D0C91D3604C10025DACA /* Release */,
			);
			defaultConfigurationIsVisible = 0;
		};
		7E97D0CA1D3604C10025DACA /* Build configuration list for PBXNativeTarget "VariablesAndPropertiesUITests" */ = {
			isa = XCConfigurationList;
			buildConfigurations = (
				7E97D0CB1D3604C10025DACA /* Debug */,
				7E97D0CC1D3604C10025DACA /* Release */,
			);
			defaultConfigurationIsVisible = 0;
		};
/* End XCConfigurationList section */
	};
	rootObject = 7E97D08F1D3604C10025DACA /* Project object */;
}
